
Microsoft Visual Studio Solution File, Format Version 12.00
# Visual Studio Version 17
VisualStudioVersion = 17.3.32922.545
MinimumVisualStudioVersion = 10.0.40219.1
Project("{FAE04EC0-301F-11D3-BF4B-00C04F79EFBC}") = "Homework5", "Homework5\Homework5.csproj", "{BDB83CC3-BA33-4414-9FEB-F0AD070CAE9E}"
EndProject
Global
	GlobalSection(SolutionConfigurationPlatforms) = preSolution
		Debug|Any CPU = Debug|Any CPU
		Release|Any CPU = Release|Any CPU
	EndGlobalSection
	GlobalSection(ProjectConfigurationPlatforms) = postSolution
		{BDB83CC3-BA33-4414-9FEB-F0AD070CAE9E}.Debug|Any CPU.ActiveCfg = Debug|Any CPU
		{BDB83CC3-BA33-4414-9FEB-F0AD070CAE9E}.Debug|Any CPU.Build.0 = Debug|Any CPU
		{BDB83CC3-BA33-4414-9FEB-F0AD070CAE9E}.Release|Any CPU.ActiveCfg = Release|Any CPU
		{BDB83CC3-BA33-4414-9FEB-F0AD070CAE9E}.Release|Any CPU.Build.0 = Release|Any CPU
	EndGlobalSection
	GlobalSection(SolutionProperties) = preSolution
		HideSolutionNode = FALSE
	EndGlobalSection
	GlobalSection(ExtensibilityGlobals) = postSolution
		SolutionGuid = {2DEA9917-24FE-4948-83A3-517900C7CA8D}
	EndGlobalSection
EndGlobal
